{
  "originHash" : "208170f3d1d4203b75d5e60b54d82f824bae32e7a8e603d23308ecc63f0d2538",
  "pins" : [
    {
      "identity" : "clerk-ios",
      "kind" : "remoteSourceControl",
      "location" : "https://github.com/clerk/clerk-ios",
      "state" : {
        "revision" : "d41365666ac3be138737a57b33b30b6291b5c65b",
        "version" : "1.3.2"
      }
    },
    {
      "identity" : "nuke",
      "kind" : "remoteSourceControl",
      "location" : "https://github.com/kean/Nuke.git",
      "state" : {
        "revision" : "63a8fcbd6621340a2410bc3e9575ac97058615f4",
        "version" : "13.0.6"
      }
    },
    {
      "identity" : "phonenumberkit",
      "kind" : "remoteSourceControl",
      "location" : "https://github.com/PhoneNumberKit/PhoneNumberKit",
      "state" : {
        "revision" : "ab06a8333394f4a4fb6eecca447dae0aa06c1eca",
        "version" : "5.0.4"
      }
    },
    {
      "identity" : "purchases-ios",
      "kind" : "remoteSourceControl",
      "location" : "https://github.com/RevenueCat/purchases-ios",
      "state" : {
        "revision" : "8969bf1feaca2cc9efaa7630cd148cec5005f2f8",
        "version" : "5.80.3"
      }
    },
    {
      "identity" : "sentry-cocoa",
      "kind" : "remoteSourceControl",
      "location" : "https://github.com/getsentry/sentry-cocoa",
      "state" : {
        "revision" : "53eb9bd5da18e208cfd80e86863d3f4c7ba21b1d",
        "version" : "9.21.0"
      }
    },
    {
      "identity" : "superscript-ios-next",
      "kind" : "remoteSourceControl",
      "location" : "https://github.com/superwall/superscript-ios-next",
      "state" : {
        "revision" : "abb2c8c96e958aabe11a84df67860ad7bbef3b68",
        "version" : "1.0.14"
      }
    },
    {
      "identity" : "superwall-ios",
      "kind" : "remoteSourceControl",
      "location" : "https://github.com/superwall/Superwall-iOS",
      "state" : {
        "revision" : "3c360d5512d9ac1aa4805c63c19c274f8d8ce958",
        "version" : "4.16.1"
      }
    }
  ],
  "version" : 3
}
